{
  "nodes": {
    "nixpkgs": {
      "locked": {
        "lastModified": 1711523341,
        "narHash": "sha256-sUMkm4/otwYv2COI6Hb3dnG3SKMjTF4T76FIpPfKWyc=",
        "owner": "NixOS",
        "repo": "nixpkgs",
        "rev": "50450bfba7ebb8a7daaffd3d04d7dcff7901e346",
        "type": "github"
      },
      "original": {
        "owner": "NixOS",
        "repo": "nixpkgs",
        "type": "github"
      }
    },
    "root": {
      "inputs": {
        "nixpkgs": "nixpkgs"
      }
    }
  },
  "root": "root",
  "version": 7
}
